
Microsoft Visual Studio Solution File, Format Version 12.00
# Visual Studio Version 17
VisualStudioVersion = 17.5.002.0
MinimumVisualStudioVersion = 10.0.40219.1
Project("{9A19103F-16F7-4668-BE54-9A1E7A4F7556}") = "MyMicroservices", "MyMicroservices.csproj", "{09DBDA6B-ECC3-4981-8ABD-C60A9ED63DA4}"
EndProject
Global
	GlobalSection(SolutionConfigurationPlatforms) = preSolution
		Debug|Any CPU = Debug|Any CPU
		Release|Any CPU = Release|Any CPU
	EndGlobalSection
	GlobalSection(ProjectConfigurationPlatforms) = postSolution
		{09DBDA6B-ECC3-4981-8ABD-C60A9ED63DA4}.Debug|Any CPU.ActiveCfg = Debug|Any CPU
		{09DBDA6B-ECC3-4981-8ABD-C60A9ED63DA4}.Debug|Any CPU.Build.0 = Debug|Any CPU
		{09DBDA6B-ECC3-4981-8ABD-C60A9ED63DA4}.Release|Any CPU.ActiveCfg = Release|Any CPU
		{09DBDA6B-ECC3-4981-8ABD-C60A9ED63DA4}.Release|Any CPU.Build.0 = Release|Any CPU
	EndGlobalSection
	GlobalSection(SolutionProperties) = preSolution
		HideSolutionNode = FALSE
	EndGlobalSection
	GlobalSection(ExtensibilityGlobals) = postSolution
		SolutionGuid = {C54BCD09-F781-47B1-AB84-E3B3366635E6}
	EndGlobalSection
EndGlobal
